
Microsoft Visual Studio Solution File, Format Version 12.00
# Visual Studio Version 17
VisualStudioVersion = 17.13.35931.197 d17.13
MinimumVisualStudioVersion = 10.0.40219.1
Project("{FAE04EC0-301F-11D3-BF4B-00C04F79EFBC}") = "G-NET-9-OOP03", "G-NET-9-OOP03.csproj", "{257733AB-8226-4A90-B234-9C52E873DBE6}"
EndProject
Global
	GlobalSection(SolutionConfigurationPlatforms) = preSolution
		Debug|Any CPU = Debug|Any CPU
		Release|Any CPU = Release|Any CPU
	EndGlobalSection
	GlobalSection(ProjectConfigurationPlatforms) = postSolution
		{257733AB-8226-4A90-B234-9C52E873DBE6}.Debug|Any CPU.ActiveCfg = Debug|Any CPU
		{257733AB-8226-4A90-B234-9C52E873DBE6}.Debug|Any CPU.Build.0 = Debug|Any CPU
		{257733AB-8226-4A90-B234-9C52E873DBE6}.Release|Any CPU.ActiveCfg = Release|Any CPU
		{257733AB-8226-4A90-B234-9C52E873DBE6}.Release|Any CPU.Build.0 = Release|Any CPU
	EndGlobalSection
	GlobalSection(SolutionProperties) = preSolution
		HideSolutionNode = FALSE
	EndGlobalSection
	GlobalSection(ExtensibilityGlobals) = postSolution
		SolutionGuid = {31E7FBD6-4F74-4431-A754-036184B99D1B}
	EndGlobalSection
EndGlobal
